
Microsoft Visual Studio Solution File, Format Version 12.00
# Visual Studio Version 17
VisualStudioVersion = 17.13.35931.197 d17.13
MinimumVisualStudioVersion = 10.0.40219.1
Project("{FAE04EC0-301F-11D3-BF4B-00C04F79EFBC}") = "TaskManagerMobile", "TaskManagerMobile.csproj", "{BABCAA28-E766-4666-884E-97F88A1B7258}"
EndProject
Global
	GlobalSection(SolutionConfigurationPlatforms) = preSolution
		Debug|Any CPU = Debug|Any CPU
		Release|Any CPU = Release|Any CPU
	EndGlobalSection
	GlobalSection(ProjectConfigurationPlatforms) = postSolution
		{BABCAA28-E766-4666-884E-97F88A1B7258}.Debug|Any CPU.ActiveCfg = Debug|Any CPU
		{BABCAA28-E766-4666-884E-97F88A1B7258}.Debug|Any CPU.Build.0 = Debug|Any CPU
		{BABCAA28-E766-4666-884E-97F88A1B7258}.Release|Any CPU.ActiveCfg = Release|Any CPU
		{BABCAA28-E766-4666-884E-97F88A1B7258}.Release|Any CPU.Build.0 = Release|Any CPU
	EndGlobalSection
	GlobalSection(SolutionProperties) = preSolution
		HideSolutionNode = FALSE
	EndGlobalSection
	GlobalSection(ExtensibilityGlobals) = postSolution
		SolutionGuid = {61A149B3-0239-49C4-86CF-459176160251}
	EndGlobalSection
EndGlobal
